
Microsoft Visual Studio Solution File, Format Version 12.00
# Visual Studio Version 16
VisualStudioVersion = 16.0.32413.511
MinimumVisualStudioVersion = 10.0.40219.1
Project("{FAE04EC0-301F-11D3-BF4B-00C04F79EFBC}") = "ReadWrite_JSON", "ReadWrite_JSON\ReadWrite_JSON.csproj", "{E07E54AD-860A-43B5-BC75-BEA119300376}"
EndProject
Global
	GlobalSection(SolutionConfigurationPlatforms) = preSolution
		Debug|Any CPU = Debug|Any CPU
		Release|Any CPU = Release|Any CPU
	EndGlobalSection
	GlobalSection(ProjectConfigurationPlatforms) = postSolution
		{E07E54AD-860A-43B5-BC75-BEA119300376}.Debug|Any CPU.ActiveCfg = Debug|Any CPU
		{E07E54AD-860A-43B5-BC75-BEA119300376}.Debug|Any CPU.Build.0 = Debug|Any CPU
		{E07E54AD-860A-43B5-BC75-BEA119300376}.Release|Any CPU.ActiveCfg = Release|Any CPU
		{E07E54AD-860A-43B5-BC75-BEA119300376}.Release|Any CPU.Build.0 = Release|Any CPU
	EndGlobalSection
	GlobalSection(SolutionProperties) = preSolution
		HideSolutionNode = FALSE
	EndGlobalSection
	GlobalSection(ExtensibilityGlobals) = postSolution
		SolutionGuid = {50AD8CFF-3BDA-4A2C-AACC-A5533BE4B17A}
	EndGlobalSection
EndGlobal
